# THIS IS AN AUTOGENERATED FILE. DO NOT EDIT THIS FILE DIRECTLY.
# yarn lockfile v1


"@oxc-project/types@=0.143.0":
  version "0.143.0"
  resolved "https://registry.yarnpkg.com/@oxc-project/types/-/types-0.143.0.tgz#c3e4f3178b7b54e4dd194eac6d45258a60f0092b"
  integrity sha512-u6JZdLBTLotrNC9Vd6vPssINdzcCzleKAH6EJKImQb7GtYvX5keN2dxkoK44stCc4tffE6QQRtZTXVSzsLUlWA==

"@oxlint/binding-android-arm-eabi@1.78.0":
  version "1.78.0"
  resolved "https://registry.yarnpkg.com/@oxlint/binding-android-arm-eabi/-/binding-android-arm-eabi-1.78.0.tgz#5997d1d2fe5d64ca95bc3cc2e990a218d13573bc"
  integrity sha512-Bu819lmAfZMUHErrpe0cEWj3iaefuUODHSU8+UbXy67V/r7/7f4K3FL0NmbD85E+wiFLDYuhP8Zlv0XnVeXshw==

"@oxlint/binding-android-arm64@1.78.0":
  version "1.78.0"
  resolved "https://registry.yarnpkg.com/@oxlint/binding-android-arm64/-/binding-android-arm64-1.78.0.tgz#558b322fd141a74cda022bfb670f608ca3910944"
  integrity sha512-CDfxZgB61B7buRdY2FJoAYYPPXCZ1EoC1LKscnC5dg3kjobdxiconvAvvN1BmHyW4PyFT3jRLDag/BY/roSNBQ==

"@oxlint/binding-darwin-arm64@1.78.0":
  version "1.78.0"
  resolved "https://registry.yarnpkg.com/@oxlint/binding-darwin-arm64/-/binding-darwin-arm64-1.78.0.tgz#6aebb379f44e64cd6b84efe3d28e51923c388c7a"
  integrity sha512-2Y2U9Ahrz+OO0Ej88f9SJYq51/jUBp1Mc7iZu0ukrbeeZ3gpRGfzIFnoqfHDY96xr0GEfNrPUBFEy0nN5aD7HA==

"@oxlint/binding-darwin-x64@1.78.0":
  version "1.78.0"
  resolved "https://registry.yarnpkg.com/@oxlint/binding-darwin-x64/-/binding-darwin-x64-1.78.0.tgz#f8c41ca7cc70242e68462db229142a9316d2027c"
  integrity sha512-rpych6eJq6m9jDRypTEaPD1xysaEW5h9+xuxhGK/QhOg+/xaqPZrCrTNoIl/f3nEjuJeCEmstNDlrE9rJi/3/g==

"@oxlint/binding-freebsd-x64@1.78.0":
  version "1.78.0"
  resolved "https://registry.yarnpkg.com/@oxlint/binding-freebsd-x64/-/binding-freebsd-x64-1.78.0.tgz#99c8aef7f9cfedbe5d25d32b22824cd50fa017bd"
  integrity sha512-IcMGrQT3QizkOESUJd5et+rOhVqSkNDfNik1cvrKDqIbzqx9KMtRswpFgkCuNTSwylCFLKhGUu8KmqY1ZnC0Dg==

"@oxlint/binding-linux-arm-gnueabihf@1.78.0":
  version "1.78.0"
  resolved "https://registry.yarnpkg.com/@oxlint/binding-linux-arm-gnueabihf/-/binding-linux-arm-gnueabihf-1.78.0.tgz#16ed0f67f02a38e8754b9001d0f6728967887e05"
  integrity sha512-/uLdoJ0IXE6vo/0f0LKjinQAp+re+VMaCWaNT8ENIv2EOCkSsc8SGaflXAuW0Jua2dq5+GLVWm1NQK7P3UFSNQ==

"@oxlint/binding-linux-arm-musleabihf@1.78.0":
  version "1.78.0"
  resolved "https://registry.yarnpkg.com/@oxlint/binding-linux-arm-musleabihf/-/binding-linux-arm-musleabihf-1.78.0.tgz#60fc6e241312af052f459eb9f1acb4cf16cb58d4"
  integrity sha512-7xi4Wb/O8NRJhLoUXmDJMUVpNYvB5kefdhFU1Jb8rtae4QoXlTiLwI14X4YvAXVZLNZChP8m5qO9SQAlWQTbkQ==

"@oxlint/binding-linux-arm64-gnu@1.78.0":
  version "1.78.0"
  resolved "https://registry.yarnpkg.com/@oxlint/binding-linux-arm64-gnu/-/binding-linux-arm64-gnu-1.78.0.tgz#cbd19ea7068069f21112fee57d4a9e96acb7070e"
  integrity sha512-4hFW0+fVXa3OIh1Y4A5SPkmvI4wuuBSrCVKzOyE7PTjhc7yEqZ1pmvEEeS5Lj/MaqvegFxXyF33N+6jkehxdyg==

"@oxlint/binding-linux-arm64-musl@1.78.0":
  version "1.78.0"
  resolved "https://registry.yarnpkg.com/@oxlint/binding-linux-arm64-musl/-/binding-linux-arm64-musl-1.78.0.tgz#8d6fed23c4f54067c88c3b3f4110c8c4fd9aca40"
  integrity sha512-oC0mvsgBJjlMijSDEhx9KuvR9zYeHXceA9MjbuXB1F8NSR78Yj2unOBrstEvTVaq+pko+kuue6DajC00eqvTdg==

"@oxlint/binding-linux-ppc64-gnu@1.78.0":
  version "1.78.0"
  resolved "https://registry.yarnpkg.com/@oxlint/binding-linux-ppc64-gnu/-/binding-linux-ppc64-gnu-1.78.0.tgz#a1b427ee039d647fe7e0db023b5821b4d6099cc8"
  integrity sha512-XAllT5SUZS+ohjuZ3/5S0cwe0r7eboiuigeStCZ5DXRYx/2KVM2UvQXvAfyzXEimtQjAB7cDQ2YxDe2Zl2WNQQ==

"@oxlint/binding-linux-riscv64-gnu@1.78.0":
  version "1.78.0"
  resolved "https://registry.yarnpkg.com/@oxlint/binding-linux-riscv64-gnu/-/binding-linux-riscv64-gnu-1.78.0.tgz#184175e6032f6bbb4621405b234f0d2f784bf38f"
  integrity sha512-trucMER/0QtecoXvc1y/UVqE3kwJipDwrx4oHfj+nNm3dq2zjP44WT0CfHNDPM3G1DXIkx/gY6lAD21NSCZVhA==

"@oxlint/binding-linux-riscv64-musl@1.78.0":
  version "1.78.0"
  resolved "https://registry.yarnpkg.com/@oxlint/binding-linux-riscv64-musl/-/binding-linux-riscv64-musl-1.78.0.tgz#e10acffbb3340c4838f2699e7bb1851037a980b3"
  integrity sha512-cm3O4F/HQbdzOUX5mKHqG5KDL6E5w0pnlZ+fbBy2rmLryPOowkuLagFHTopQsEIpjcaZoPOrL+BmmAytAG9HFg==

"@oxlint/binding-linux-s390x-gnu@1.78.0":
  version "1.78.0"
  resolved "https://registry.yarnpkg.com/@oxlint/binding-linux-s390x-gnu/-/binding-linux-s390x-gnu-1.78.0.tgz#1dc93463b17a88b9f2519e80f0c3b61b29100921"
  integrity sha512-33wRf6HqGNsybJ3qX4cGaQN2ODPxNmc1rMa0mrTmx3eFq1VzOnvQooi9bIGVYakW8a/wmqVx1mgsUm8R2xfTiw==

"@oxlint/binding-linux-x64-gnu@1.78.0":
  version "1.78.0"
  resolved "https://registry.yarnpkg.com/@oxlint/binding-linux-x64-gnu/-/binding-linux-x64-gnu-1.78.0.tgz#6fcc3a9c9527444609828332688a57f46c7e1681"
  integrity sha512-rRdISSYegj6VganMZ9tjRjijowfHJ09IZU01i0toBAqr6n5LEtwHq2IeS4FjW2RoskOHlb6efB26H5izYb3GEQ==

"@oxlint/binding-linux-x64-musl@1.78.0":
  version "1.78.0"
  resolved "https://registry.yarnpkg.com/@oxlint/binding-linux-x64-musl/-/binding-linux-x64-musl-1.78.0.tgz#11bd49039e9733739d7e77fc38e1aecefadbb5ca"
  integrity sha512-GmsP4rW0xTL6u5CVdcDsaN5Fbc7hBc382Wmar1kttbnwSEviM+rSINKOMQ+UQ6iH+AGwC+8gaAiwu134Tgh6Lg==

"@oxlint/binding-openharmony-arm64@1.78.0":
  version "1.78.0"
  resolved "https://registry.yarnpkg.com/@oxlint/binding-openharmony-arm64/-/binding-openharmony-arm64-1.78.0.tgz#757741a176adbe2c5f5c97bb4f71d8428d7641ef"
  integrity sha512-sy9yeYuADc8a+n4TLBayzMCZiHPW78DcIFVpOXTmdKHWQeM9xe5uzkqIIZmi326D5hY9XVwacipEB1p7tQjPAg==

"@oxlint/binding-win32-arm64-msvc@1.78.0":
  version "1.78.0"
  resolved "https://registry.yarnpkg.com/@oxlint/binding-win32-arm64-msvc/-/binding-win32-arm64-msvc-1.78.0.tgz#410dde4439509e0ec9829b62cb49b6149746a1b4"
  integrity sha512-rjc2hF1KfMi8fZj1X/m3AmnHbdsF3rL0v6KQg0Uc880Yb2khjz+3U14sfdZ7jWTpRnN1m1NQa/TT7uU9lJWPrA==

"@oxlint/binding-win32-ia32-msvc@1.78.0":
  version "1.78.0"
  resolved "https://registry.yarnpkg.com/@oxlint/binding-win32-ia32-msvc/-/binding-win32-ia32-msvc-1.78.0.tgz#109a60b795f516ccdd57afa837dee288060d8bd3"
  integrity sha512-zcuXFVrEFHIafRfkCQT8w/Xe41o07ozl/vwHq7p94vB29xVzsB0sZGYORU1jhcYKv3Lr0J3HbJ2T4fHH5rWmvA==

"@oxlint/binding-win32-x64-msvc@1.78.0":
  version "1.78.0"
  resolved "https://registry.yarnpkg.com/@oxlint/binding-win32-x64-msvc/-/binding-win32-x64-msvc-1.78.0.tgz#e68b7b4b998e8e1eac96d357cd44471bca37c430"
  integrity sha512-Sb5ocmLSuYeOuXd+CFOToGKp/gjXUEWDnvIGwhnh8aq8wY4TMmEnKnvbogSW7RdMZv77JSARduS7/gv+khYEjA==

"@reduxjs/toolkit@^2.12.0":
  version "2.12.0"
  resolved "https://registry.yarnpkg.com/@reduxjs/toolkit/-/toolkit-2.12.0.tgz#e62787503a38561e04bb8f39e29ca8db689590f9"
  integrity sha512-KiT+RzZbp6mQET+Mg+h2c97+9j1sNflUxQkIHI7Yuzf6Peu+OYpmkn6nbHWmLLWj+1ZODUJFwGZ7gx3L9R9EOw==
  dependencies:
    "@standard-schema/spec" "^1.0.0"
    "@standard-schema/utils" "^0.3.0"
    immer "^11.0.0"
    redux "^5.0.1"
    redux-thunk "^3.1.0"
    reselect "^5.1.0"

"@rolldown/binding-android-arm64@1.2.3":
  version "1.2.3"
  resolved "https://registry.yarnpkg.com/@rolldown/binding-android-arm64/-/binding-android-arm64-1.2.3.tgz#001b8b0b01844701efda1bb6bed84b681c4a488b"
  integrity sha512-zrJtHDcaZJ1Fp7xf4hNl+7seH9Cn/N5TwLYkhgXREtBwAd/jaqW3uqeHxpDugJLVICWg4eW44kOQEGJ1r6jCGw==

"@rolldown/binding-darwin-arm64@1.2.3":
  version "1.2.3"
  resolved "https://registry.yarnpkg.com/@rolldown/binding-darwin-arm64/-/binding-darwin-arm64-1.2.3.tgz#5e87c602ed634a6fef092e2162e24fbfb881c4ec"
  integrity sha512-ieIiibVCp0tX7TLu2cafoNPv8wJyYi01ekXpbf8q2j7F4rGAhhXb/eQh7ge9DRBY78GwmRQtvjZDux7EDbA8kA==

"@rolldown/binding-darwin-x64@1.2.3":
  version "1.2.3"
  resolved "https://registry.yarnpkg.com/@rolldown/binding-darwin-x64/-/binding-darwin-x64-1.2.3.tgz#f32e0b286714bd03a421d693415d05d97d265b77"
  integrity sha512-Zh9tCon19eDXJoihx0rqKhMUlMYqzwj3aPsSuHmI4RWZh62dWUL+DJN4C5YQya5TcQBJU/Fe8+rY0jhXTQITqA==

"@rolldown/binding-freebsd-x64@1.2.3":
  version "1.2.3"
  resolved "https://registry.yarnpkg.com/@rolldown/binding-freebsd-x64/-/binding-freebsd-x64-1.2.3.tgz#5f38ad5761b6b7b21b57a99566bb52634c60ab19"
  integrity sha512-nGbJWewA1wrXXZiQhjAT5rhibGfns5ZNkDVqxsO6zJ3f3YvpoDNNmGMSbbhLuXKjNScaBJVOAboztAWVespQMg==

"@rolldown/binding-linux-arm-gnueabihf@1.2.3":
  version "1.2.3"
  resolved "https://registry.yarnpkg.com/@rolldown/binding-linux-arm-gnueabihf/-/binding-linux-arm-gnueabihf-1.2.3.tgz#ab4dcd07f1bd88e8d659ae0c3bb9d2f290adb897"
  integrity sha512-QNniJr5Kml0kDEB98jiDOJjXNroxIIi0IXIbdYzY26Xt1pVbeP62+KnoIZLwirOymX/0jDk/2gI/bNUv7A7OIw==

"@rolldown/binding-linux-arm64-gnu@1.2.3":
  version "1.2.3"
  resolved "https://registry.yarnpkg.com/@rolldown/binding-linux-arm64-gnu/-/binding-linux-arm64-gnu-1.2.3.tgz#d279b7016039a725fb66d82784b9841f42df83da"
  integrity sha512-TkqEAcmmvH3I/q4114NB4RVt6241Dao48pF45uLcFGrwAaIn0iITgTAKP/dLjbN0R4buJjGb91+UHSoFmpgIWw==

"@rolldown/binding-linux-arm64-musl@1.2.3":
  version "1.2.3"
  resolved "https://registry.yarnpkg.com/@rolldown/binding-linux-arm64-musl/-/binding-linux-arm64-musl-1.2.3.tgz#d08bbc93d2742214548c5adf7df7788944e5a89a"
  integrity sha512-NHqjnxpsndf4MPymxteFAWHHfkTL8HjWh1KB7z23ofZ6QO2euONuxDXjat69dKZRALnGypg8k8SsK8vZJoXv1Q==

"@rolldown/binding-linux-ppc64-gnu@1.2.3":
  version "1.2.3"
  resolved "https://registry.yarnpkg.com/@rolldown/binding-linux-ppc64-gnu/-/binding-linux-ppc64-gnu-1.2.3.tgz#6418e63745b3193f26ab3bb88744b3a4a1356d7c"
  integrity sha512-6tbrbwfz5GB9DQ4Jwo6hy9v+vR31xZlvzZ6n5Xut6Hhx5PvrA9q/HsK8KMaYQp063iqZGXwNvZtYNLD7EM/x0w==

"@rolldown/binding-linux-s390x-gnu@1.2.3":
  version "1.2.3"
  resolved "https://registry.yarnpkg.com/@rolldown/binding-linux-s390x-gnu/-/binding-linux-s390x-gnu-1.2.3.tgz#77ec30d0704cf4eb1cb4a63f501c9852c6728cf4"
  integrity sha512-oyuXxXmoZHjXC917IAPFAAv4wWAa0cM9afk8nx1+9/jNNOX1uPf8yDA6p7G0RypOfw/X0PQt5IfoquY1um+zSg==

"@rolldown/binding-linux-x64-gnu@1.2.3":
  version "1.2.3"
  resolved "https://registry.yarnpkg.com/@rolldown/binding-linux-x64-gnu/-/binding-linux-x64-gnu-1.2.3.tgz#3b9b6e0dd3e86c597f42858748ca25f1dfd58ed8"
  integrity sha512-TytMwF2KVGqP2tgd0I1OY0PAv78dZRAYcF5ssDzjM34SUXCED3uXvSd5+lHoC0bTD6eEdFz7LdQNCO1y0oVk9w==

"@rolldown/binding-linux-x64-musl@1.2.3":
  version "1.2.3"
  resolved "https://registry.yarnpkg.com/@rolldown/binding-linux-x64-musl/-/binding-linux-x64-musl-1.2.3.tgz#f78033c592c8bd2af48284a45f8e4baaa0befbf5"
  integrity sha512-/E9m3qstrJFVPoULV25mVQblSNExY2+kBsYe4sy0Tn0yOOgJ8wZbZt3KnRbF/XeU2Gl1STKUQnDNTqhIE5MD4A==

"@rolldown/binding-openharmony-arm64@1.2.3":
  version "1.2.3"
  resolved "https://registry.yarnpkg.com/@rolldown/binding-openharmony-arm64/-/binding-openharmony-arm64-1.2.3.tgz#36e951f5a6fca922a5205e283d0a82b9f98199ca"
  integrity sha512-Kr0OcsoQI816i6HOl3vFHpd1K0eZyh76zgfj4c1nTyaTsd5r2Mj1lwM4R90y/qaCfmTn9eHy0SKwi98eitRxug==

"@rolldown/binding-win32-arm64-msvc@1.2.3":
  version "1.2.3"
  resolved "https://registry.yarnpkg.com/@rolldown/binding-win32-arm64-msvc/-/binding-win32-arm64-msvc-1.2.3.tgz#c1e494ac47e13bd857fca0b3ad59c33580241f7e"
  integrity sha512-hOtMwTqnME+/gJcH/PCZ0wn0zPUjiWOgkHpxbSJpfGKMezHltx1S7/k1SitzVa7Ww2cqrDDaFbZEhcJZO8o+Jw==

"@rolldown/binding-win32-x64-msvc@1.2.3":
  version "1.2.3"
  resolved "https://registry.yarnpkg.com/@rolldown/binding-win32-x64-msvc/-/binding-win32-x64-msvc-1.2.3.tgz#b0effffcd6872f8a021373eb437916b1b52283a4"
  integrity sha512-ekcqMMkI2PlhYnfzQnB/cEdYUVVJViWvoUyLrbzgDoi3Snfc1mVBwdnc306ufA5ejy8JSPjT2RlW1nQSjW7efg==

"@rolldown/pluginutils@^1.0.0", "@rolldown/pluginutils@^1.0.1":
  version "1.0.1"
  resolved "https://registry.yarnpkg.com/@rolldown/pluginutils/-/pluginutils-1.0.1.tgz#e3fcee093fbb5ce765e1ad088ff4de2889f6f9be"
  integrity sha512-2j9bGt5Jh8hj+vPtgzPtl72j0yRxHAyumoo6TNfAjsLB04UtpSvPbPcDcBMxz7n+9CYB0c1GxQFxYRg2jimqGw==

"@standard-schema/spec@^1.0.0":
  version "1.1.0"
  resolved "https://registry.yarnpkg.com/@standard-schema/spec/-/spec-1.1.0.tgz#a79b55dbaf8604812f52d140b2c9ab41bc150bb8"
  integrity sha512-l2aFy5jALhniG5HgqrD6jXLi/rUWrKvqN/qJx6yoJsgKhblVd+iqqU4RCXavm/jPityDo5TCvKMnpjKnOriy0w==

"@standard-schema/utils@^0.3.0":
  version "0.3.0"
  resolved "https://registry.yarnpkg.com/@standard-schema/utils/-/utils-0.3.0.tgz#3d5e608f16c2390c10528e98e59aef6bf73cae7b"
  integrity sha512-e7Mew686owMaPJVNNLs55PUvgz371nKgwsc4vxE49zsODpJEnxgxRo2y/OKrqueavXgZNMDVj3DdHFlaSAeU8g==

"@types/d3-array@3.0.3":
  version "3.0.3"
  resolved "https://registry.yarnpkg.com/@types/d3-array/-/d3-array-3.0.3.tgz#87d990bf504d14ad6b16766979d04e943c046dac"
  integrity sha512-Reoy+pKnvsksN0lQUlcH6dOGjRZ/3WRwXR//m+/8lt1BXeI4xyaUZoqULNjyXXRuh0Mj4LNpkCvhUpQlY3X5xQ==

"@types/d3-color@*":
  version "3.1.3"
  resolved "https://registry.yarnpkg.com/@types/d3-color/-/d3-color-3.1.3.tgz#368c961a18de721da8200e80bf3943fb53136af2"
  integrity sha512-iO90scth9WAbmgv7ogoq57O9YpKmFBbmoEoCHDB2xMBY0+/KVrqAaCDyCE16dUspeOvIxFFRI+0sEtqDqy2b4A==

"@types/d3-color@3.1.0":
  version "3.1.0"
  resolved "https://registry.yarnpkg.com/@types/d3-color/-/d3-color-3.1.0.tgz#6594da178ded6c7c3842f3cc0ac84b156f12f2d4"
  integrity sha512-HKuicPHJuvPgCD+np6Se9MQvS6OCbJmOjGvylzMJRlDwUXjKTTXs6Pwgk79O09Vj/ho3u1ofXnhFOaEWWPrlwA==

"@types/d3-delaunay@6.0.1":
  version "6.0.1"
  resolved "https://registry.yarnpkg.com/@types/d3-delaunay/-/d3-delaunay-6.0.1.tgz#006b7bd838baec1511270cb900bf4fc377bbbf41"
  integrity sha512-tLxQ2sfT0p6sxdG75c6f/ekqxjyYR0+LwPrsO1mbC9YDBzPJhs2HbJJRrn8Ez1DBoHRo2yx7YEATI+8V1nGMnQ==

"@types/d3-format@3.0.1":
  version "3.0.1"
  resolved "https://registry.yarnpkg.com/@types/d3-format/-/d3-format-3.0.1.tgz#194f1317a499edd7e58766f96735bdc0216bb89d"
  integrity sha512-5KY70ifCCzorkLuIkDe0Z9YTf9RR2CjBX1iaJG+rgM/cPP+sO+q9YdQ9WdhQcgPj1EQiJ2/0+yUkkziTG6Lubg==

"@types/d3-geo@3.1.0":
  version "3.1.0"
  resolved "https://registry.yarnpkg.com/@types/d3-geo/-/d3-geo-3.1.0.tgz#b9e56a079449174f0a2c8684a9a4df3f60522440"
  integrity sha512-856sckF0oP/diXtS4jNsiQw/UuK5fQG8l/a9VVLeSouf1/PPbBE1i1W852zVwKwYCBkFJJB7nCFTbk6UMEXBOQ==
  dependencies:
    "@types/geojson" "*"

"@types/d3-interpolate@3.0.1":
  version "3.0.1"
  resolved "https://registry.yarnpkg.com/@types/d3-interpolate/-/d3-interpolate-3.0.1.tgz#e7d17fa4a5830ad56fe22ce3b4fac8541a9572dc"
  integrity sha512-jx5leotSeac3jr0RePOH1KdR9rISG91QIE4Q2PYTu4OymLTZfA3SrnURSLzKH48HmXVUru50b8nje4E79oQSQw==
  dependencies:
    "@types/d3-color" "*"

"@types/d3-path@*", "@types/d3-path@3.1.1":
  version "3.1.1"
  resolved "https://registry.yarnpkg.com/@types/d3-path/-/d3-path-3.1.1.tgz#f632b380c3aca1dba8e34aa049bcd6a4af23df8a"
  integrity sha512-VMZBYyQvbGmWyWVea0EHs/BwLgxc+MKi1zLDCONksozI4YJMcTt8ZEuIR4Sb1MMTE8MMW49v0IwI5+b7RmfWlg==

"@types/d3-scale@4.0.2":
  version "4.0.2"
  resolved "https://registry.yarnpkg.com/@types/d3-scale/-/d3-scale-4.0.2.tgz#41be241126af4630524ead9cb1008ab2f0f26e69"
  integrity sha512-Yk4htunhPAwN0XGlIwArRomOjdoBFXC3+kCxK2Ubg7I9shQlVSJy/pG/Ht5ASN+gdMIalpk8TJ5xV74jFsetLA==
  dependencies:
    "@types/d3-time" "*"

"@types/d3-shape@3.1.7":
  version "3.1.7"
  resolved "https://registry.yarnpkg.com/@types/d3-shape/-/d3-shape-3.1.7.tgz#2b7b423dc2dfe69c8c93596e673e37443348c555"
  integrity sha512-VLvUQ33C+3J+8p+Daf+nYSOsjB4GXp19/S/aGo60m9h1v6XaxjiT82lKVWJCfzhtuZ3yD7i/TPeC/fuKLLOSmg==
  dependencies:
    "@types/d3-path" "*"

"@types/d3-time-format@2.1.0":
  version "2.1.0"
  resolved "https://registry.yarnpkg.com/@types/d3-time-format/-/d3-time-format-2.1.0.tgz#011e0fb7937be34a9a8f580ae1e2f2f1336a8a22"
  integrity sha512-/myT3I7EwlukNOX2xVdMzb8FRgNzRMpsZddwst9Ld/VFe6LyJyRp0s32l/V9XoUzk+Gqu56F/oGk6507+8BxrA==

"@types/d3-time@*":
  version "3.0.4"
  resolved "https://registry.yarnpkg.com/@types/d3-time/-/d3-time-3.0.4.tgz#8472feecd639691450dd8000eb33edd444e1323f"
  integrity sha512-yuzZug1nkAAaBlBBikKZTgzCeA+k1uy4ZFwWANOfKw5z5LRhV0gNA7gNkKm7HoK+HRN0wX3EkxGk0fpbWhmB7g==

"@types/d3-time@3.0.0":
  version "3.0.0"
  resolved "https://registry.yarnpkg.com/@types/d3-time/-/d3-time-3.0.0.tgz#e1ac0f3e9e195135361fa1a1d62f795d87e6e819"
  integrity sha512-sZLCdHvBUcNby1cB6Fd3ZBrABbjz3v1Vm90nysCQ6Vt7vd6e/h9Lt7SiJUoEX0l4Dzc7P5llKyhqSi1ycSf1Hg==

"@types/geojson@*":
  version "7946.0.16"
  resolved "https://registry.yarnpkg.com/@types/geojson/-/geojson-7946.0.16.tgz#8ebe53d69efada7044454e3305c19017d97ced2a"
  integrity sha512-6C8nqWur3j98U6+lXDfTUWIfgvZU+EumvpHKcYjujKH7woYyLj2sUmff0tRhrqM7BohUw7Pz3ZB1jj2gW9Fvmg==

"@types/node@^24.13.3":
  version "24.13.3"
  resolved "https://registry.yarnpkg.com/@types/node/-/node-24.13.3.tgz#49f18bd3c647866dcda51a0756c145e14590ce16"
  integrity sha512-Dh8vAsV36ig5wa9OX4pXvMc9D3Veibfw2wix0CUwYODLD8nkj9UsLjASr49nPg+2eKzxhBV+v7L8pXvT4e639Q==
  dependencies:
    undici-types "~7.18.0"

"@types/react-dom@^19.2.3":
  version "19.2.4"
  resolved "https://registry.yarnpkg.com/@types/react-dom/-/react-dom-19.2.4.tgz#165ab5e97dfb081847b0f6755060cf40a3f6666b"
  integrity sha512-Bsc+QHgp+P/F02XDzNCY9jnZNCUuLki36KT7VKrTXXLdHf+vHMNZnW1rVu5DNW/rCK+fya3DATySbLM4yhtKUw==

"@types/react@^19.2.17":
  version "19.2.18"
  resolved "https://registry.yarnpkg.com/@types/react/-/react-19.2.18.tgz#eb0b6a1fb635d1a9692d5f84a3495bd8ad153707"
  integrity sha512-AnzbBERsrLKtk2XSfTbYRLjQPdy116Sty4q+T+Bp3IC4l6jNBvreVPAHmpq9qhXQM7CXZPjLVmGMw9sy+hxQ3w==
  dependencies:
    csstype "^3.2.2"

"@types/use-sync-external-store@^0.0.6":
  version "0.0.6"
  resolved "https://registry.yarnpkg.com/@types/use-sync-external-store/-/use-sync-external-store-0.0.6.tgz#60be8d21baab8c305132eb9cb912ed497852aadc"
  integrity sha512-zFDAD+tlpf2r4asuHEj0XH6pY6i0g5NeAHPn+15wk3BV6JA69eERFXC1gyGThDkVa1zCyKr5jox1+2LbV/AMLg==

"@visx/axis@^4.0.0":
  version "4.0.0"
  resolved "https://registry.yarnpkg.com/@visx/axis/-/axis-4.0.0.tgz#7abab30fb929ed4eebbdafdc52beada6203bfc6b"
  integrity sha512-cSPNO9Aic2UX49AmIeJJ9TQrrAkvUHpHOGqimUAXhbg07VI3HoHDKcXZdrjvQz+g0LhubrUkjj8Gwju2WZ3dtg==
  dependencies:
    "@visx/group" "4.0.0"
    "@visx/point" "4.0.0"
    "@visx/scale" "4.0.0"
    "@visx/shape" "4.0.0"
    "@visx/text" "4.0.0"
    classnames "^2.3.1"

"@visx/curve@4.0.0", "@visx/curve@^4.0.0":
  version "4.0.0"
  resolved "https://registry.yarnpkg.com/@visx/curve/-/curve-4.0.0.tgz#fd752d9a6311a23ea129632026a5309afa03d327"
  integrity sha512-bXrOSd2BzVCxR7kBE7gPTSU4plxzYN75w7erdHYabwn3vzP+xFk1o0gg3NOHEPJzt5tXqf0Ecm5YqHACOnipTA==
  dependencies:
    "@visx/vendor" "4.0.0"

"@visx/group@4.0.0", "@visx/group@^4.0.0":
  version "4.0.0"
  resolved "https://registry.yarnpkg.com/@visx/group/-/group-4.0.0.tgz#88803065e9b4e69c765a3e8ec4aa534d269cf670"
  integrity sha512-HGAq8BCqn5x0t94CJOLJeKtWss9LFpF3HY69HbuO1PlR+B9c4aVT9xbjfudmU8wGQZLT6JNt+PJvxbO2aJ+1aA==
  dependencies:
    classnames "^2.3.1"

"@visx/point@4.0.0":
  version "4.0.0"
  resolved "https://registry.yarnpkg.com/@visx/point/-/point-4.0.0.tgz#5badc47d9f5848441bca617f674893cbb42bbd15"
  integrity sha512-hwJ9UlIjg3iV4iiJ3RN5SNTXama+zGaNe57sXSrSvPiqhkDXypsYBdDSlAnHmKbMzHP0zFmgB1UJciB/QUyigw==

"@visx/scale@4.0.0", "@visx/scale@^4.0.0":
  version "4.0.0"
  resolved "https://registry.yarnpkg.com/@visx/scale/-/scale-4.0.0.tgz#52b817723f8721e00b69caa8b1659920a6507354"
  integrity sha512-Q3VaSLKlsrxxSl9CwS2D3Mvz4/4kIp/6NMKRY8Im0Au1hrQh2egU806p0+JwN0ccuGGDe03jyAxX4BSRAH8Plg==
  dependencies:
    "@visx/vendor" "4.0.0"

"@visx/shape@4.0.0", "@visx/shape@^4.0.0":
  version "4.0.0"
  resolved "https://registry.yarnpkg.com/@visx/shape/-/shape-4.0.0.tgz#d9b8fedc0303f779b44f3ace3ddb29aff18e9c7d"
  integrity sha512-X0FP3OFjQhc5/6Vj2aY7cK2JwKYI0H0hQM7cdNRWy/ZMMlrh5KpEdqx0HVo0KoTeTlkUvO+kydMLnAuuCRFIFw==
  dependencies:
    "@visx/curve" "4.0.0"
    "@visx/group" "4.0.0"
    "@visx/scale" "4.0.0"
    "@visx/vendor" "4.0.0"
    classnames "^2.3.1"

"@visx/text@4.0.0":
  version "4.0.0"
  resolved "https://registry.yarnpkg.com/@visx/text/-/text-4.0.0.tgz#6c21687bf94bac0cf17618aa38ffcf6e6087c589"
  integrity sha512-39f2goSaKy5Mqn89lRDGSJ1IMr49wplkbIFHsFI8cPnAPbguiJxYZ+ulizd7Vcsq2z/hytuGv3Lmk165zUiUYQ==
  dependencies:
    classnames "^2.3.1"
    reduce-css-calc "^1.3.0"

"@visx/vendor@4.0.0":
  version "4.0.0"
  resolved "https://registry.yarnpkg.com/@visx/vendor/-/vendor-4.0.0.tgz#9c49e7a3094ab7b2ccccd126a7a7484398421278"
  integrity sha512-LoBNzWjTXzBfu095BQxB14IwZQHHOLs8ZMzM6t2FL4ZGORaACgLcmXRRLhFo0VmRR8L7iNTM4HHc1j6yFvzsAA==
  dependencies:
    "@types/d3-array" "3.0.3"
    "@types/d3-color" "3.1.0"
    "@types/d3-delaunay" "6.0.1"
    "@types/d3-format" "3.0.1"
    "@types/d3-geo" "3.1.0"
    "@types/d3-interpolate" "3.0.1"
    "@types/d3-path" "3.1.1"
    "@types/d3-scale" "4.0.2"
    "@types/d3-shape" "3.1.7"
    "@types/d3-time" "3.0.0"
    "@types/d3-time-format" "2.1.0"
    d3-array "3.2.1"
    d3-color "3.1.0"
    d3-delaunay "6.0.2"
    d3-format "3.1.0"
    d3-geo "3.1.0"
    d3-interpolate "3.0.1"
    d3-path "3.1.0"
    d3-scale "4.0.2"
    d3-shape "3.2.0"
    d3-time "3.1.0"
    d3-time-format "4.1.0"
    internmap "2.0.3"

"@vitejs/plugin-react@^6.0.4":
  version "6.0.5"
  resolved "https://registry.yarnpkg.com/@vitejs/plugin-react/-/plugin-react-6.0.5.tgz#48ee7951093ff9054952cff9d64e874355cde372"
  integrity sha512-BOVzne/NL162sMdResB25mUv+vWMF5NoAjNf09TeGlE7ZpszZWSD3winycicLJw72yeVsoCn/2kOhEuCvEShMA==
  dependencies:
    "@rolldown/pluginutils" "^1.0.1"

balanced-match@^0.4.2:
  version "0.4.2"
  resolved "https://registry.yarnpkg.com/balanced-match/-/balanced-match-0.4.2.tgz#cb3f3e3c732dc0f01ee70b403f302e61d7709838"
  integrity sha512-STw03mQKnGUYtoNjmowo4F2cRmIIxYEGiMsjjwla/u5P1lxadj/05WkNaFjNiKTgJkj8KiXbgAiRTmcQRwQNtg==

balanced-match@^1.0.0:
  version "1.0.2"
  resolved "https://registry.yarnpkg.com/balanced-match/-/balanced-match-1.0.2.tgz#e83e3a7e3f300b34cb9d87f615fa0cbf357690ee"
  integrity sha512-3oSeUO0TMV67hN1AmbXsK4yaqU7tjiHlbxRDZOpH0KW9+CeX4bRAaX0Anxt0tx2MrpRpWwQaPwIlISEJhYU5Pw==

classnames@^2.3.1:
  version "2.5.1"
  resolved "https://registry.yarnpkg.com/classnames/-/classnames-2.5.1.tgz#ba774c614be0f016da105c858e7159eae8e7687b"
  integrity sha512-saHYOzhIQs6wy2sVxTM6bUDsQO4F50V9RQ22qBpEdCW+I+/Wmke2HOl6lS6dTpdxVhb88/I6+Hs+438c3lfUow==

cookie@^1.0.1:
  version "1.1.1"
  resolved "https://registry.yarnpkg.com/cookie/-/cookie-1.1.1.tgz#3bb9bdfc82369db9c2f69c93c9c3ceb310c88b3c"
  integrity sha512-ei8Aos7ja0weRpFzJnEA9UHJ/7XQmqglbRwnf2ATjcB9Wq874VKH9kfjjirM6UhU2/E5fFYadylyhFldcqSidQ==

csstype@^3.2.2:
  version "3.2.3"
  resolved "https://registry.yarnpkg.com/csstype/-/csstype-3.2.3.tgz#ec48c0f3e993e50648c86da559e2610995cf989a"
  integrity sha512-z1HGKcYy2xA8AGQfwrn0PAy+PB7X/GSj3UVJW9qKyn43xWa+gl5nXmU4qqLMRzWVLFC8KusUX8T/0kCiOYpAIQ==

"d3-array@2 - 3", "d3-array@2.10.0 - 3", "d3-array@2.5.0 - 3":
  version "3.2.4"
  resolved "https://registry.yarnpkg.com/d3-array/-/d3-array-3.2.4.tgz#15fec33b237f97ac5d7c986dc77da273a8ed0bb5"
  integrity sha512-tdQAmyA18i4J7wprpYq8ClcxZy3SC31QMeByyCFyRt7BVHdREQZ5lpzoe5mFEYZUWe+oq8HBvk9JjpibyEV4Jg==
  dependencies:
    internmap "1 - 2"

d3-array@3.2.1:
  version "3.2.1"
  resolved "https://registry.yarnpkg.com/d3-array/-/d3-array-3.2.1.tgz#39331ea706f5709417d31bbb6ec152e0328b39b3"
  integrity sha512-gUY/qeHq/yNqqoCKNq4vtpFLdoCdvyNpWoC/KNjhGbhDuQpAM9sIQQKkXSNpXa9h5KySs/gzm7R88WkUutgwWQ==
  dependencies:
    internmap "1 - 2"

"d3-color@1 - 3", d3-color@3.1.0:
  version "3.1.0"
  resolved "https://registry.yarnpkg.com/d3-color/-/d3-color-3.1.0.tgz#395b2833dfac71507f12ac2f7af23bf819de24e2"
  integrity sha512-zg/chbXyeBtMQ1LbD/WSoW2DpC3I0mpmPdW+ynRTj/x2DAWYrIY7qeZIHidozwV24m4iavr15lNwIwLxRmOxhA==

d3-delaunay@6.0.2:
  version "6.0.2"
  resolved "https://registry.yarnpkg.com/d3-delaunay/-/d3-delaunay-6.0.2.tgz#7fd3717ad0eade2fc9939f4260acfb503f984e92"
  integrity sha512-IMLNldruDQScrcfT+MWnazhHbDJhcRJyOEBAJfwQnHle1RPh6WDuLvxNArUju2VSMSUuKlY5BGHRJ2cYyoFLQQ==
  dependencies:
    delaunator "5"

"d3-format@1 - 3":
  version "3.1.2"
  resolved "https://registry.yarnpkg.com/d3-format/-/d3-format-3.1.2.tgz#01fdb46b58beb1f55b10b42ad70b6e344d5eb2ae"
  integrity sha512-AJDdYOdnyRDV5b6ArilzCPPwc1ejkHcoyFarqlPqT7zRYjhavcT3uSrqcMvsgh2CgoPbK3RCwyHaVyxYcP2Arg==

d3-format@3.1.0:
  version "3.1.0"
  resolved "https://registry.yarnpkg.com/d3-format/-/d3-format-3.1.0.tgz#9260e23a28ea5cb109e93b21a06e24e2ebd55641"
  integrity sha512-YyUI6AEuY/Wpt8KWLgZHsIU86atmikuoOmCfommt0LYHiQSPjvX2AcFc38PX0CBpr2RCyZhjex+NS/LPOv6YqA==

d3-geo@3.1.0:
  version "3.1.0"
  resolved "https://registry.yarnpkg.com/d3-geo/-/d3-geo-3.1.0.tgz#74fd54e1f4cebd5185ac2039217a98d39b0a4c0e"
  integrity sha512-JEo5HxXDdDYXCaWdwLRt79y7giK8SbhZJbFWXqbRTolCHFI5jRqteLzCsq51NKbUoX0PjBVSohxrx+NoOUujYA==
  dependencies:
    d3-array "2.5.0 - 3"

"d3-interpolate@1.2.0 - 3", d3-interpolate@3.0.1:
  version "3.0.1"
  resolved "https://registry.yarnpkg.com/d3-interpolate/-/d3-interpolate-3.0.1.tgz#3c47aa5b32c5b3dfb56ef3fd4342078a632b400d"
  integrity sha512-3bYs1rOD33uo8aqJfKP3JWPAibgw8Zm2+L9vBKEHJ2Rg+viTR7o5Mmv5mZcieN+FRYaAOWX5SJATX6k1PWz72g==
  dependencies:
    d3-color "1 - 3"

d3-path@3.1.0, d3-path@^3.1.0:
  version "3.1.0"
  resolved "https://registry.yarnpkg.com/d3-path/-/d3-path-3.1.0.tgz#22df939032fb5a71ae8b1800d61ddb7851c42526"
  integrity sha512-p3KP5HCf/bvjBSSKuXid6Zqijx7wIfNW+J/maPs+iwR35at5JCbLUT0LzF1cnjbCHWhqzQTIN2Jpe8pRebIEFQ==

d3-scale@4.0.2:
  version "4.0.2"
  resolved "https://registry.yarnpkg.com/d3-scale/-/d3-scale-4.0.2.tgz#82b38e8e8ff7080764f8dcec77bd4be393689396"
  integrity sha512-GZW464g1SH7ag3Y7hXjf8RoUuAFIqklOAq3MRl4OaWabTFJY9PN/E1YklhXLh+OQ3fM9yS2nOkCoS+WLZ6kvxQ==
  dependencies:
    d3-array "2.10.0 - 3"
    d3-format "1 - 3"
    d3-interpolate "1.2.0 - 3"
    d3-time "2.1.1 - 3"
    d3-time-format "2 - 4"

d3-shape@3.2.0:
  version "3.2.0"
  resolved "https://registry.yarnpkg.com/d3-shape/-/d3-shape-3.2.0.tgz#a1a839cbd9ba45f28674c69d7f855bcf91dfc6a5"
  integrity sha512-SaLBuwGm3MOViRq2ABk3eLoxwZELpH6zhl3FbAoJ7Vm1gofKx6El1Ib5z23NUEhF9AsGl7y+dzLe5Cw2AArGTA==
  dependencies:
    d3-path "^3.1.0"

"d3-time-format@2 - 4", d3-time-format@4.1.0:
  version "4.1.0"
  resolved "https://registry.yarnpkg.com/d3-time-format/-/d3-time-format-4.1.0.tgz#7ab5257a5041d11ecb4fe70a5c7d16a195bb408a"
  integrity sha512-dJxPBlzC7NugB2PDLwo9Q8JiTR3M3e4/XANkreKSUxF8vvXKqm1Yfq4Q5dl8budlunRVlUUaDUgFt7eA8D6NLg==
  dependencies:
    d3-time "1 - 3"

"d3-time@1 - 3", "d3-time@2.1.1 - 3", d3-time@3.1.0:
  version "3.1.0"
  resolved "https://registry.yarnpkg.com/d3-time/-/d3-time-3.1.0.tgz#9310db56e992e3c0175e1ef385e545e48a9bb5c7"
  integrity sha512-VqKjzBLejbSMT4IgbmVgDjpkYrNWUYJnbCGo874u7MMKIWsILRX+OpX/gTk8MqjpT1A/c6HY2dCA77ZN0lkQ2Q==
  dependencies:
    d3-array "2 - 3"

delaunator@5:
  version "5.1.0"
  resolved "https://registry.yarnpkg.com/delaunator/-/delaunator-5.1.0.tgz#d13271fbf3aff6753f9ea6e235557f20901046ea"
  integrity sha512-AGrQ4QSgssa1NGmWmLPqN5NY2KajF5MqxetNEO+o0n3ZwZZeTmt7bBnvzHWrmkZFxGgr4HdyFgelzgi06otLuQ==
  dependencies:
    robust-predicates "^3.0.2"

detect-libc@^2.0.3:
  version "2.1.2"
  resolved "https://registry.yarnpkg.com/detect-libc/-/detect-libc-2.1.2.tgz#689c5dcdc1900ef5583a4cb9f6d7b473742074ad"
  integrity sha512-Btj2BOOO83o3WyH59e8MgXsxEQVcarkUOpEYrubB0urwnN10yQ364rsiByU11nZlqWYZm05i/of7io4mzihBtQ==

fdir@^6.5.0:
  version "6.5.0"
  resolved "https://registry.yarnpkg.com/fdir/-/fdir-6.5.0.tgz#ed2ab967a331ade62f18d077dae192684d50d350"
  integrity sha512-tIbYtZbucOs0BRGqPJkshJUYdL+SDH7dVM8gjy+ERp3WAUjLEFJE+02kanyHtwjWOnwrKYBiwAmM0p4kLJAnXg==

fsevents@~2.3.3:
  version "2.3.3"
  resolved "https://registry.yarnpkg.com/fsevents/-/fsevents-2.3.3.tgz#cac6407785d03675a2a5e1a5305c697b347d90d6"
  integrity sha512-5xoDfX+fL7faATnagmWPpbFtwh/R77WmMMqqHGS65C3vvB0YHrgF+B1YmZ3441tMj5n63k0212XNoJwzlhffQw==

immer@^11.0.0:
  version "11.1.16"
  resolved "https://registry.yarnpkg.com/immer/-/immer-11.1.16.tgz#66702b60de57fda6a0b57eef52c84258cc4aac9b"
  integrity sha512-Xs7H9rBc+kti1J6RueUvbEBkmOz7jqj11XYgf+YMXAYzu8EeE7hwZ9poLXdVfVnGmJu7QAf41T7H2KuF6QoK6Q==

"internmap@1 - 2", internmap@2.0.3:
  version "2.0.3"
  resolved "https://registry.yarnpkg.com/internmap/-/internmap-2.0.3.tgz#6685f23755e43c524e251d29cbc97248e3061009"
  integrity sha512-5Hh7Y1wQbvY5ooGgPbDaL5iYLAPzMTUrjMulskHLH6wnv/A+1q5rgEaiuqEjB+oxGXIVZs1FF+R/KPN3ZSQYYg==

lightningcss-android-arm64@1.33.0:
  version "1.33.0"
  resolved "https://registry.yarnpkg.com/lightningcss-android-arm64/-/lightningcss-android-arm64-1.33.0.tgz#9a6841f88ae50fc83502903892b41af41bc2b907"
  integrity sha512-gEpRTalKdosp4Bb8qWtc2iOgE5SeIHlpS1up9bFq2wAyYhl1UdTObYiHe98zEM9SQvSoqQZ1IQD0JNpg3Ml5pg==

lightningcss-darwin-arm64@1.33.0:
  version "1.33.0"
  resolved "https://registry.yarnpkg.com/lightningcss-darwin-arm64/-/lightningcss-darwin-arm64-1.33.0.tgz#c0f2c31c0bfd19fa4dd3f18e957a1f1a152097d6"
  integrity sha512-Sciaz8eenNTKn9b3t7+xr0ipTp9YxKQY4npwQ3mrRuL0BAVHBLyZxofhaKBAVtzmtRZ/zTyo0/to4B1uWG/Djg==

lightningcss-darwin-x64@1.33.0:
  version "1.33.0"
  resolved "https://registry.yarnpkg.com/lightningcss-darwin-x64/-/lightningcss-darwin-x64-1.33.0.tgz#cb0705965acb538c6683949ce6925fb3cdf7c361"
  integrity sha512-Z5UPAxzrjlWNNyGy6i65cJzzvgJ5D3T6wMvs+gWpY9d7qRhANrxqAp6LhxIgZhWEw18RfJTGcRxjuLIBr+m8XQ==

lightningcss-freebsd-x64@1.33.0:
  version "1.33.0"
  resolved "https://registry.yarnpkg.com/lightningcss-freebsd-x64/-/lightningcss-freebsd-x64-1.33.0.tgz#763538828b26bab2680dadafcc84ee78b0eb502b"
  integrity sha512-QQM/Ti/hQajJwCY+RiWuCZ9sdtI/XQk7nDK5vC8kkdwixezOlDgvDx7+RT+QjK6FcFT4MpsuoBnHIo/O3StRRg==

lightningcss-linux-arm-gnueabihf@1.33.0:
  version "1.33.0"
  resolved "https://registry.yarnpkg.com/lightningcss-linux-arm-gnueabihf/-/lightningcss-linux-arm-gnueabihf-1.33.0.tgz#6862e3176a331aedbdec1ed352b4d7d0dd0784de"
  integrity sha512-N7FVBe6iS24MlM6R/4RBTxGhQheZGs7tiQ9U32UtF75NzP5Q7xWPRqLBCKxlRQRk3rY1jCIPLzx7WzOhuUIRLQ==

lightningcss-linux-arm64-gnu@1.33.0:
  version "1.33.0"
  resolved "https://registry.yarnpkg.com/lightningcss-linux-arm64-gnu/-/lightningcss-linux-arm64-gnu-1.33.0.tgz#c6a3a2ed15141daf6bdc2628930f8e39bdf473aa"
  integrity sha512-j2v/itmy4HlNxlc6voKXYgBqNi0Ng2LShg4z7GufpEgs05P+2suBVyi9I6YHq5uoVFx9ETin3eCEhLVyXGQnKg==

lightningcss-linux-arm64-musl@1.33.0:
  version "1.33.0"
  resolved "https://registry.yarnpkg.com/lightningcss-linux-arm64-musl/-/lightningcss-linux-arm64-musl-1.33.0.tgz#7fa1334971fc82845f9827df6ef8a0b20914bac6"
  integrity sha512-yiO5ROMuYQgXbC60yjZU5CYSFZGKXL0HFATXt9mHJn1+zW55oCtMI9NfcVhYLMFDL7gV7oBPon/EmMMGg2OvtQ==

lightningcss-linux-x64-gnu@1.33.0:
  version "1.33.0"
  resolved "https://registry.yarnpkg.com/lightningcss-linux-x64-gnu/-/lightningcss-linux-x64-gnu-1.33.0.tgz#8b927862ea8c2bbc6831a46509244b50d9936e55"
  integrity sha512-ar+Ju7LmcN0Jo4FpL4hpFybwNG9/3A/Br5KW2n2jyODg3MEZXaDYADdemoNS+BDNfMgKvylJLj4S5tyRActuAg==

lightningcss-linux-x64-musl@1.33.0:
  version "1.33.0"
  resolved "https://registry.yarnpkg.com/lightningcss-linux-x64-musl/-/lightningcss-linux-x64-musl-1.33.0.tgz#0c525bb077dfd94404c059cfe42dad797e96aeaf"
  integrity sha512-RYiYbkokw0trfKqqzfF55lginwEPrD3OJDfTuJzFs1MK6iFnDenaz1fqLLtX4ITG3OktJQXOeTaw1awrBAlZPw==

lightningcss-win32-arm64-msvc@1.33.0:
  version "1.33.0"
  resolved "https://registry.yarnpkg.com/lightningcss-win32-arm64-msvc/-/lightningcss-win32-arm64-msvc-1.33.0.tgz#850ee1103dac989cfab50e3ac22d1a69e394e63d"
  integrity sha512-1K+MPfLSFVpphzpdbfkhlWk6wBrTObBzS2T6db10PNOZgR9GoVsAWzwNyuhUYYbTp23j+4RrncfujZ4uAzXvwA==

lightningcss-win32-x64-msvc@1.33.0:
  version "1.33.0"
  resolved "https://registry.yarnpkg.com/lightningcss-win32-x64-msvc/-/lightningcss-win32-x64-msvc-1.33.0.tgz#e343ae152eed3609dc6e11949d1a3bf39a1c946f"
  integrity sha512-OlEICDx/Xl0FqSp4bry8zFnCvGpig3Gl4gCquvYwHuqJKEC1+n9NgDniFvqHGmMv1ZkqDJrDqKKSykTDX+ehuA==

lightningcss@^1.33.0:
  version "1.33.0"
  resolved "https://registry.yarnpkg.com/lightningcss/-/lightningcss-1.33.0.tgz#c08867d71a79385c6e190214fd72fef3e5f95f0b"
  integrity sha512-WkUDrojuJs0xkgGf2udWxa3yGBRxPtxUkB79i6aCZLRgc7PM8fZe9TosfPDcvEpQZbuFASnHYmRLBLUbmLOIIA==
  dependencies:
    detect-libc "^2.0.3"
  optionalDependencies:
    lightningcss-android-arm64 "1.33.0"
    lightningcss-darwin-arm64 "1.33.0"
    lightningcss-darwin-x64 "1.33.0"
    lightningcss-freebsd-x64 "1.33.0"
    lightningcss-linux-arm-gnueabihf "1.33.0"
    lightningcss-linux-arm64-gnu "1.33.0"
    lightningcss-linux-arm64-musl "1.33.0"
    lightningcss-linux-x64-gnu "1.33.0"
    lightningcss-linux-x64-musl "1.33.0"
    lightningcss-win32-arm64-msvc "1.33.0"
    lightningcss-win32-x64-msvc "1.33.0"

math-expression-evaluator@^1.2.14:
  version "1.4.0"
  resolved "https://registry.yarnpkg.com/math-expression-evaluator/-/math-expression-evaluator-1.4.0.tgz#3d66031117fbb7b9715ea6c9c68c2cd2eebd37e2"
  integrity sha512-4vRUvPyxdO8cWULGTh9dZWL2tZK6LDBvj+OGHBER7poH9Qdt7kXEoj20wiz4lQUbUXQZFjPbe5mVDo9nutizCw==

nanoid@^3.3.17:
  version "3.3.18"
  resolved "https://registry.yarnpkg.com/nanoid/-/nanoid-3.3.18.tgz#f66a2de1199ffde0fcf21c8a5f13106b1c081913"
  integrity sha512-DTg4MJbGMWkfi6VZFdNt2/caMbQy4Ou+Op/hJQvGEWcnVfoA1QA+xzRKAzw9jD6+GVOOeYr/mIcuDSdug6F6+w==

oxlint@^1.75.0:
  version "1.78.0"
  resolved "https://registry.yarnpkg.com/oxlint/-/oxlint-1.78.0.tgz#286566817896a2a7f04d2b2305acdc4847bcd650"
  integrity sha512-QgQePuxIqKOzo1KSjG2EnITEeWvWnKAm77eq8nrMtf6AGoA+zyGc4PFYtDNJSD25g/ibOwfQ851hZ4/SPkMVoA==
  optionalDependencies:
    "@oxlint/binding-android-arm-eabi" "1.78.0"
    "@oxlint/binding-android-arm64" "1.78.0"
    "@oxlint/binding-darwin-arm64" "1.78.0"
    "@oxlint/binding-darwin-x64" "1.78.0"
    "@oxlint/binding-freebsd-x64" "1.78.0"
    "@oxlint/binding-linux-arm-gnueabihf" "1.78.0"
    "@oxlint/binding-linux-arm-musleabihf" "1.78.0"
    "@oxlint/binding-linux-arm64-gnu" "1.78.0"
    "@oxlint/binding-linux-arm64-musl" "1.78.0"
    "@oxlint/binding-linux-ppc64-gnu" "1.78.0"
    "@oxlint/binding-linux-riscv64-gnu" "1.78.0"
    "@oxlint/binding-linux-riscv64-musl" "1.78.0"
    "@oxlint/binding-linux-s390x-gnu" "1.78.0"
    "@oxlint/binding-linux-x64-gnu" "1.78.0"
    "@oxlint/binding-linux-x64-musl" "1.78.0"
    "@oxlint/binding-openharmony-arm64" "1.78.0"
    "@oxlint/binding-win32-arm64-msvc" "1.78.0"
    "@oxlint/binding-win32-ia32-msvc" "1.78.0"
    "@oxlint/binding-win32-x64-msvc" "1.78.0"

picocolors@^1.1.1:
  version "1.1.1"
  resolved "https://registry.yarnpkg.com/picocolors/-/picocolors-1.1.1.tgz#3d321af3eab939b083c8f929a1d12cda81c26b6b"
  integrity sha512-xceH2snhtb5M9liqDsmEw56le376mTZkEX/jEb/RxNFyegNul7eNslCXP9FDj/Lcu0X8KEyMceP2ntpaHrDEVA==

picomatch@^4.0.4, picomatch@^4.0.5:
  version "4.0.5"
  resolved "https://registry.yarnpkg.com/picomatch/-/picomatch-4.0.5.tgz#51ea57a17d86f605f81039595fbc40ed06a55fab"
  integrity sha512-RvwwcruNjI1ncT5xRakeyS9Lf8lcItv34KD+aif+VH9kduAyfYBipGh12274xtenIPZ119/R9BdTBa8gAwSh0A==

postcss@^8.5.25:
  version "8.5.26"
  resolved "https://registry.yarnpkg.com/postcss/-/postcss-8.5.26.tgz#6e75135780c7e10df3433bf2266c552d35c8c620"
  integrity sha512-u82N74LFzG8ca+dD8puPnplTXoGH4fTPpVGuIbt36G3qvNlkvfD0lEAZSxaly3KX8TS/L1A1gsCEmvKmBcVbkQ==
  dependencies:
    nanoid "^3.3.17"
    picocolors "^1.1.1"
    source-map-js "^1.2.1"

react-dom@^19.2.8:
  version "19.2.8"
  resolved "https://registry.yarnpkg.com/react-dom/-/react-dom-19.2.8.tgz#3b46b9eeda877cdff2cf13d2770fff4ae36c2ec2"
  integrity sha512-rVprimfGBG3DR+Tq0IQG2DT5PxKth1WIGDmj5yPmlzr4YBe7uyE+Du4oVqTDXZSHGGGXRtTJEGSSePyQCMBglQ==
  dependencies:
    scheduler "^0.27.0"

react-redux@^9.3.0:
  version "9.3.0"
  resolved "https://registry.yarnpkg.com/react-redux/-/react-redux-9.3.0.tgz#a30113bb6d95c0a715d54dda4308d450fca6ce09"
  integrity sha512-KQopgqFo/p/fgmAs5qz6p5RWaNAzq40WAu7fJIXnQpYxFPbJYtsJPWvGeF2rOBaY/kEuV77AVsX8TsQzKm+A/g==
  dependencies:
    "@types/use-sync-external-store" "^0.0.6"
    use-sync-external-store "^1.4.0"

react-router-dom@^7.18.2:
  version "7.18.2"
  resolved "https://registry.yarnpkg.com/react-router-dom/-/react-router-dom-7.18.2.tgz#00bf1d0ce8bf17a6d831949aacda72a6120e4926"
  integrity sha512-AIKJ/jgGlFb3EbfCXk5Gzshiwt+l3mqbCrNjmEWMMjqQxNJ3svBa6bgzFyCC2Sw3RA0VWF1kg3uQf2OFhxb8hw==
  dependencies:
    react-router "7.18.2"

react-router@7.18.2:
  version "7.18.2"
  resolved "https://registry.yarnpkg.com/react-router/-/react-router-7.18.2.tgz#a76c46ce9e5edacd4f51289d5a71f71305db9152"
  integrity sha512-aUVMjFm3GAPTTZL7oYr5E7ETiqfQCHRLH+B+5afnICvf0r7kkK4eR6SMuwbSTJw/7t+12khT/Kahij49fqOCIg==
  dependencies:
    cookie "^1.0.1"
    set-cookie-parser "^2.6.0"

react@^19.2.8:
  version "19.2.8"
  resolved "https://registry.yarnpkg.com/react/-/react-19.2.8.tgz#a80663dbb58d69c6fe3fd291d3cb324e8a7dff2d"
  integrity sha512-PWaYA1L/q9u2u7xYQi+Y3L3Yfnie7XyLeaJICV1MGD6LprsBxcAqGjYyr0eY3p+QdsA+x/Irkt4Qif8D63+Sbw==

reduce-css-calc@^1.3.0:
  version "1.3.0"
  resolved "https://registry.yarnpkg.com/reduce-css-calc/-/reduce-css-calc-1.3.0.tgz#747c914e049614a4c9cfbba629871ad1d2927716"
  integrity sha512-0dVfwYVOlf/LBA2ec4OwQ6p3X9mYxn/wOl2xTcLwjnPYrkgEfPx3VI4eGCH3rQLlPISG5v9I9bkZosKsNRTRKA==
  dependencies:
    balanced-match "^0.4.2"
    math-expression-evaluator "^1.2.14"
    reduce-function-call "^1.0.1"

reduce-function-call@^1.0.1:
  version "1.0.3"
  resolved "https://registry.yarnpkg.com/reduce-function-call/-/reduce-function-call-1.0.3.tgz#60350f7fb252c0a67eb10fd4694d16909971300f"
  integrity sha512-Hl/tuV2VDgWgCSEeWMLwxLZqX7OK59eU1guxXsRKTAyeYimivsKdtcV4fu3r710tpG5GmDKDhQ0HSZLExnNmyQ==
  dependencies:
    balanced-match "^1.0.0"

redux-thunk@^3.1.0:
  version "3.1.0"
  resolved "https://registry.yarnpkg.com/redux-thunk/-/redux-thunk-3.1.0.tgz#94aa6e04977c30e14e892eae84978c1af6058ff3"
  integrity sha512-NW2r5T6ksUKXCabzhL9z+h206HQw/NJkcLm1GPImRQ8IzfXwRGqjVhKJGauHirT0DAuyy6hjdnMZaRoAcy0Klw==

redux@^5.0.1:
  version "5.0.1"
  resolved "https://registry.yarnpkg.com/redux/-/redux-5.0.1.tgz#97fa26881ce5746500125585d5642c77b6e9447b"
  integrity sha512-M9/ELqF6fy8FwmkpnF0S3YKOqMyoWJ4+CS5Efg2ct3oY9daQvd/Pc71FpGZsVsbl3Cpb+IIcjBDUnnyBdQbq4w==

reselect@^5.1.0:
  version "5.2.0"
  resolved "https://registry.yarnpkg.com/reselect/-/reselect-5.2.0.tgz#f380ef7664332d26ea06c1cba04bdbbdcaa955f1"
  integrity sha512-AgZ3UOZm3YndfrJ4OYjgrT7bmCm/1iqkjvEfH/oYjzh6PD2qw4QuT3jjnXIrpdt4MTpMXclMT3lXbmRY+XRakw==

robust-predicates@^3.0.2:
  version "3.0.3"
  resolved "https://registry.yarnpkg.com/robust-predicates/-/robust-predicates-3.0.3.tgz#1099061b3349e2c5abec6c2ab0acd440d24d4062"
  integrity sha512-NS3levdsRIUOmiJ8FZWCP7LG3QpJyrs/TE0Zpf1yvZu8cAJJ6QMW92H1c7kWpdIHo8RvmLxN/o2JXTKHp74lUA==

rolldown@~1.2.1:
  version "1.2.3"
  resolved "https://registry.yarnpkg.com/rolldown/-/rolldown-1.2.3.tgz#103bdcbbd575d51265277b8b510f080827b6eb6f"
  integrity sha512-rn9wpmxplLf7NLNyCk9FyWh3FM43DbY8jOzCdEPzH7uflhTftRbCEpqi6Ly2osgoU8OwObtmavMbWLaWy4LX7A==
  dependencies:
    "@oxc-project/types" "=0.143.0"
    "@rolldown/pluginutils" "^1.0.0"
  optionalDependencies:
    "@rolldown/binding-android-arm64" "1.2.3"
    "@rolldown/binding-darwin-arm64" "1.2.3"
    "@rolldown/binding-darwin-x64" "1.2.3"
    "@rolldown/binding-freebsd-x64" "1.2.3"
    "@rolldown/binding-linux-arm-gnueabihf" "1.2.3"
    "@rolldown/binding-linux-arm64-gnu" "1.2.3"
    "@rolldown/binding-linux-arm64-musl" "1.2.3"
    "@rolldown/binding-linux-ppc64-gnu" "1.2.3"
    "@rolldown/binding-linux-s390x-gnu" "1.2.3"
    "@rolldown/binding-linux-x64-gnu" "1.2.3"
    "@rolldown/binding-linux-x64-musl" "1.2.3"
    "@rolldown/binding-openharmony-arm64" "1.2.3"
    "@rolldown/binding-win32-arm64-msvc" "1.2.3"
    "@rolldown/binding-win32-x64-msvc" "1.2.3"

scheduler@^0.27.0:
  version "0.27.0"
  resolved "https://registry.yarnpkg.com/scheduler/-/scheduler-0.27.0.tgz#0c4ef82d67d1e5c1e359e8fc76d3a87f045fe5bd"
  integrity sha512-eNv+WrVbKu1f3vbYJT/xtiF5syA5HPIMtf9IgY/nKg0sWqzAUEvqY/xm7OcZc/qafLx/iO9FgOmeSAp4v5ti/Q==

set-cookie-parser@^2.6.0:
  version "2.7.2"
  resolved "https://registry.yarnpkg.com/set-cookie-parser/-/set-cookie-parser-2.7.2.tgz#ccd08673a9ae5d2e44ea2a2de25089e67c7edf68"
  integrity sha512-oeM1lpU/UvhTxw+g3cIfxXHyJRc/uidd3yK1P242gzHds0udQBYzs3y8j4gCCW+ZJ7ad0yctld8RYO+bdurlvw==

source-map-js@^1.2.1:
  version "1.2.1"
  resolved "https://registry.yarnpkg.com/source-map-js/-/source-map-js-1.2.1.tgz#1ce5650fddd87abc099eda37dcff024c2667ae46"
  integrity sha512-UXWMKhLOwVKb728IUtQPXxfYU+usdybtUrK/8uGE8CQMvrhOpwvzDBwj0QhSL7MQc7vIsISBG8VQ8+IDQxpfQA==

tinyglobby@^0.2.17:
  version "0.2.17"
  resolved "https://registry.yarnpkg.com/tinyglobby/-/tinyglobby-0.2.17.tgz#562a9a6c9eb2b3b123d39719f9af5bb44fcd7631"
  integrity sha512-wXR/dYpcqKmfWpEdZjiKJOwCNFndD0DMnrW/cYjVGttEkBfVgcLFHoNrlj47mjOVic9yyNu65alsgF4NQyTa2g==
  dependencies:
    fdir "^6.5.0"
    picomatch "^4.0.4"

typescript@~6.0.2:
  version "6.0.3"
  resolved "https://registry.yarnpkg.com/typescript/-/typescript-6.0.3.tgz#90251dc007916e972786cb94d74d15b185577d21"
  integrity sha512-y2TvuxSZPDyQakkFRPZHKFm+KKVqIisdg9/CZwm9ftvKXLP8NRWj38/ODjNbr43SsoXqNuAisEf1GdCxqWcdBw==

undici-types@~7.18.0:
  version "7.18.2"
  resolved "https://registry.yarnpkg.com/undici-types/-/undici-types-7.18.2.tgz#29357a89e7b7ca4aef3bf0fd3fd0cd73884229e9"
  integrity sha512-AsuCzffGHJybSaRrmr5eHr81mwJU3kjw6M+uprWvCXiNeN9SOGwQ3Jn8jb8m3Z6izVgknn1R0FTCEAP2QrLY/w==

use-sync-external-store@^1.4.0:
  version "1.6.0"
  resolved "https://registry.yarnpkg.com/use-sync-external-store/-/use-sync-external-store-1.6.0.tgz#b174bfa65cb2b526732d9f2ac0a408027876f32d"
  integrity sha512-Pp6GSwGP/NrPIrxVFAIkOQeyw8lFenOHijQWkUTrDvrF4ALqylP2C/KCkeS9dpUM3KvYRQhna5vt7IL95+ZQ9w==

vite@^8.2.0:
  version "8.2.1"
  resolved "https://registry.yarnpkg.com/vite/-/vite-8.2.1.tgz#6fc8d8bb843bd52353091fac978e194d4de5b31d"
  integrity sha512-EU/eS7BH3XROHh2YnBefjM6DBKA6ZeMZEYQbj7NLWg5wHYlhB8B/Mayd5XsgWq+NFYccDOTemRpdETWR6Ka/lw==
  dependencies:
    lightningcss "^1.33.0"
    picomatch "^4.0.5"
    postcss "^8.5.25"
    rolldown "~1.2.1"
    tinyglobby "^0.2.17"
  optionalDependencies:
    fsevents "~2.3.3"
